
Microsoft Visual Studio Solution File, Format Version 12.00
# Visual Studio 14
VisualStudioVersion = 14.0.25420.1
MinimumVisualStudioVersion = 10.0.40219.1
Project("{E24C65DC-7377-472B-9ABA-BC803B73C61A}") = "Business_On(1)", "..\..\WebSites\Business_On\", "{8A2D9E99-A82A-4963-87BB-D3CC284A5D00}"
	ProjectSection(WebsiteProperties) = preProject
		TargetFrameworkMoniker = ".NETFramework,Version%3Dv4.5.2"
		Debug.AspNetCompiler.VirtualPath = "/localhost_52567"
		Debug.AspNetCompiler.PhysicalPath = "..\..\WebSites\Business_On\"
		Debug.AspNetCompiler.TargetPath = "PrecompiledWeb\localhost_52567\"
		Debug.AspNetCompiler.Updateable = "true"
		Debug.AspNetCompiler.ForceOverwrite = "true"
		Debug.AspNetCompiler.FixedNames = "false"
		Debug.AspNetCompiler.Debug = "True"
		Release.AspNetCompiler.VirtualPath = "/localhost_52567"
		Release.AspNetCompiler.PhysicalPath = "..\..\WebSites\Business_On\"
		Release.AspNetCompiler.TargetPath = "PrecompiledWeb\localhost_52567\"
		Release.AspNetCompiler.Updateable = "true"
		Release.AspNetCompiler.ForceOverwrite = "true"
		Release.AspNetCompiler.FixedNames = "false"
		Release.AspNetCompiler.Debug = "False"
		VWDPort = "52567"
	EndProjectSection
EndProject
Global
	GlobalSection(SolutionConfigurationPlatforms) = preSolution
		Debug|Any CPU = Debug|Any CPU
	EndGlobalSection
	GlobalSection(ProjectConfigurationPlatforms) = postSolution
		{8A2D9E99-A82A-4963-87BB-D3CC284A5D00}.Debug|Any CPU.ActiveCfg = Debug|Any CPU
		{8A2D9E99-A82A-4963-87BB-D3CC284A5D00}.Debug|Any CPU.Build.0 = Debug|Any CPU
	EndGlobalSection
	GlobalSection(SolutionProperties) = preSolution
		HideSolutionNode = FALSE
	EndGlobalSection
EndGlobal
